
Microsoft Visual Studio Solution File, Format Version 12.00
# Visual Studio Version 17
VisualStudioVersion = 17.2.32616.157
MinimumVisualStudioVersion = 10.0.40219.1
Project("{FAE04EC0-301F-11D3-BF4B-00C04F79EFBC}") = "RevitTestTaskDVPI", "RevitTestTaskDVPI\RevitTestTaskDVPI.csproj", "{2079DC3D-E916-432A-A405-547DD2ED9F6D}"
EndProject
Global
	GlobalSection(SolutionConfigurationPlatforms) = preSolution
		Debug|Any CPU = Debug|Any CPU
		Release|Any CPU = Release|Any CPU
	EndGlobalSection
	GlobalSection(ProjectConfigurationPlatforms) = postSolution
		{2079DC3D-E916-432A-A405-547DD2ED9F6D}.Debug|Any CPU.ActiveCfg = Debug|Any CPU
		{2079DC3D-E916-432A-A405-547DD2ED9F6D}.Debug|Any CPU.Build.0 = Debug|Any CPU
		{2079DC3D-E916-432A-A405-547DD2ED9F6D}.Release|Any CPU.ActiveCfg = Release|Any CPU
		{2079DC3D-E916-432A-A405-547DD2ED9F6D}.Release|Any CPU.Build.0 = Release|Any CPU
	EndGlobalSection
	GlobalSection(SolutionProperties) = preSolution
		HideSolutionNode = FALSE
	EndGlobalSection
	GlobalSection(ExtensibilityGlobals) = postSolution
		SolutionGuid = {10D25887-E5EA-40B0-8C44-F68B49FD3654}
	EndGlobalSection
EndGlobal
